
Microsoft Visual Studio Solution File, Format Version 12.00
# Visual Studio 15
VisualStudioVersion = 15.0.27703.2026
MinimumVisualStudioVersion = 10.0.40219.1
Project("{FAE04EC0-301F-11D3-BF4B-00C04F79EFBC}") = "static1", "static1\static1.csproj", "{53096664-AAAF-4F9B-BF4E-07449BF571B3}"
EndProject
Global
	GlobalSection(SolutionConfigurationPlatforms) = preSolution
		Debug|Any CPU = Debug|Any CPU
		Release|Any CPU = Release|Any CPU
	EndGlobalSection
	GlobalSection(ProjectConfigurationPlatforms) = postSolution
		{53096664-AAAF-4F9B-BF4E-07449BF571B3}.Debug|Any CPU.ActiveCfg = Debug|Any CPU
		{53096664-AAAF-4F9B-BF4E-07449BF571B3}.Debug|Any CPU.Build.0 = Debug|Any CPU
		{53096664-AAAF-4F9B-BF4E-07449BF571B3}.Release|Any CPU.ActiveCfg = Release|Any CPU
		{53096664-AAAF-4F9B-BF4E-07449BF571B3}.Release|Any CPU.Build.0 = Release|Any CPU
	EndGlobalSection
	GlobalSection(SolutionProperties) = preSolution
		HideSolutionNode = FALSE
	EndGlobalSection
	GlobalSection(ExtensibilityGlobals) = postSolution
		SolutionGuid = {9C2C6C5F-ED09-4A33-AADB-9186879B67AE}
	EndGlobalSection
EndGlobal
