
Microsoft Visual Studio Solution File, Format Version 12.00
# Visual Studio 15
VisualStudioVersion = 15.0.27703.2026
MinimumVisualStudioVersion = 10.0.40219.1
Project("{FAE04EC0-301F-11D3-BF4B-00C04F79EFBC}") = "DisposeDemo", "DisposeDemo\DisposeDemo.csproj", "{C12921D6-D9D4-487E-A84B-4B4EF0C04FEE}"
EndProject
Global
	GlobalSection(SolutionConfigurationPlatforms) = preSolution
		Debug|Any CPU = Debug|Any CPU
		Release|Any CPU = Release|Any CPU
	EndGlobalSection
	GlobalSection(ProjectConfigurationPlatforms) = postSolution
		{C12921D6-D9D4-487E-A84B-4B4EF0C04FEE}.Debug|Any CPU.ActiveCfg = Debug|Any CPU
		{C12921D6-D9D4-487E-A84B-4B4EF0C04FEE}.Debug|Any CPU.Build.0 = Debug|Any CPU
		{C12921D6-D9D4-487E-A84B-4B4EF0C04FEE}.Release|Any CPU.ActiveCfg = Release|Any CPU
		{C12921D6-D9D4-487E-A84B-4B4EF0C04FEE}.Release|Any CPU.Build.0 = Release|Any CPU
	EndGlobalSection
	GlobalSection(SolutionProperties) = preSolution
		HideSolutionNode = FALSE
	EndGlobalSection
	GlobalSection(ExtensibilityGlobals) = postSolution
		SolutionGuid = {8BA40187-2AC3-4C47-A48D-0288023BF8AA}
	EndGlobalSection
EndGlobal
